<?xml version="1.0" encoding="utf-8"?>
<Project ToolsVersion="4.0" xmlns="http://schemas.microsoft.com/developer/msbuild/2003">
  <ItemGroup>
    <Filter Include="소스 파일">
      <UniqueIdentifier>{4FC737F1-C7A5-4376-A066-2A32D752A2FF}</UniqueIdentifier>
      <Extensions>cpp;c;cc;cxx;c++;cppm;ixx;def;odl;idl;hpj;bat;asm;asmx</Extensions>
    </Filter>
    <Filter Include="헤더 파일">
      <UniqueIdentifier>{93995380-89BD-4b04-88EB-625FBE52EBFB}</UniqueIdentifier>
      <Extensions>h;hh;hpp;hxx;h++;hm;inl;inc;ipp;xsd</Extensions>
    </Filter>
    <Filter Include="리소스 파일">
      <UniqueIdentifier>{67DA6AB6-F800-4c08-8B7A-83BB121AAD01}</UniqueIdentifier>
      <Extensions>rc;ico;cur;bmp;dlg;rc2;rct;bin;rgs;gif;jpg;jpeg;jpe;resx;tiff;tif;png;wav;mfcribbon-ms</Extensions>
    </Filter>
    <Filter Include="헤더 파일\Utility">
      <UniqueIdentifier>{9aebf1d0-c7f4-438d-8e10-34d74d7bda97}</UniqueIdentifier>
    </Filter>
    <Filter Include="헤더 파일\Database">
      <UniqueIdentifier>{05fd9bf9-59bd-47b1-bb8f-ade532120e53}</UniqueIdentifier>
    </Filter>
    <Filter Include="헤더 파일\System">
      <UniqueIdentifier>{cce80d40-1a95-4400-921b-b1ab339257cc}</UniqueIdentifier>
    </Filter>
    <Filter Include="소스 파일\Database">
      <UniqueIdentifier>{86805f52-ffd6-4b4c-83d8-2485bc841a21}</UniqueIdentifier>
    </Filter>
  </ItemGroup>
  <ItemGroup>
    <ClCompile Include="Server.cpp">
      <Filter>소스 파일</Filter>
    </ClCompile>
    <ClCompile Include="Framework.cpp">
      <Filter>소스 파일</Filter>
    </ClCompile>
    <ClCompile Include="pch.cpp">
      <Filter>소스 파일</Filter>
    </ClCompile>
    <ClCompile Include="stdafx.cpp">
      <Filter>소스 파일</Filter>
    </ClCompile>
    <ClCompile Include="Asynchron.cpp">
      <Filter>소스 파일</Filter>
    </ClCompile>
    <ClCompile Include="Packet.cpp">
      <Filter>소스 파일</Filter>
    </ClCompile>
    <ClCompile Include="Room.cpp">
      <Filter>소스 파일</Filter>
    </ClCompile>
    <ClCompile Include="Session.cpp">
      <Filter>소스 파일</Filter>
    </ClCompile>
    <ClCompile Include="PlayingSession.cpp">
      <Filter>소스 파일</Filter>
    </ClCompile>
    <ClCompile Include="GameObject.cpp">
      <Filter>소스 파일</Filter>
    </ClCompile>
    <ClCompile Include="ConnectService.cpp">
      <Filter>소스 파일</Filter>
    </ClCompile>
    <ClCompile Include="AsyncPoolService.cpp">
      <Filter>소스 파일</Filter>
    </ClCompile>
    <ClCompile Include="MD5.cpp">
      <Filter>소스 파일</Filter>
    </ClCompile>
    <ClCompile Include="BasicDatabaseJob.cpp">
      <Filter>소스 파일\Database</Filter>
    </ClCompile>
    <ClCompile Include="DatabaseJob.cpp">
      <Filter>소스 파일\Database</Filter>
    </ClCompile>
    <ClCompile Include="DatabaseQuery.cpp">
      <Filter>소스 파일\Database</Filter>
    </ClCompile>
    <ClCompile Include="DatabaseService.cpp">
      <Filter>소스 파일\Database</Filter>
    </ClCompile>
    <ClCompile Include="MySQL.cpp">
      <Filter>소스 파일\Database</Filter>
    </ClCompile>
    <ClCompile Include="BasicPacket.cpp">
      <Filter>소스 파일</Filter>
    </ClCompile>
  </ItemGroup>
  <ItemGroup>
    <None Include="packages.config" />
    <None Include="통신 구조.md">
      <Filter>리소스 파일</Filter>
    </None>
    <None Include="cpp.hint" />
    <None Include="Encryptor.inl">
      <Filter>헤더 파일\Utility</Filter>
    </None>
    <None Include="Spinlock.inl">
      <Filter>헤더 파일\Utility</Filter>
    </None>
    <None Include="data\Secrets.json">
      <Filter>리소스 파일</Filter>
    </None>
  </ItemGroup>
  <ItemGroup>
    <ClInclude Include="pch.hpp">
      <Filter>헤더 파일</Filter>
    </ClInclude>
    <ClInclude Include="stdafx.hpp">
      <Filter>헤더 파일</Filter>
    </ClInclude>
    <ClInclude Include="Runnable.hpp">
      <Filter>헤더 파일</Filter>
    </ClInclude>
    <ClInclude Include="Asynchron.hpp">
      <Filter>헤더 파일</Filter>
    </ClInclude>
    <ClInclude Include="Packet.hpp">
      <Filter>헤더 파일</Filter>
    </ClInclude>
    <ClInclude Include="Room.hpp">
      <Filter>헤더 파일</Filter>
    </ClInclude>
    <ClInclude Include="Session.hpp">
      <Filter>헤더 파일</Filter>
    </ClInclude>
    <ClInclude Include="PlayingSession.hpp">
      <Filter>헤더 파일</Filter>
    </ClInclude>
    <ClInclude Include="GameObject.hpp">
      <Filter>헤더 파일</Filter>
    </ClInclude>
    <ClInclude Include="MD5.hpp">
      <Filter>헤더 파일\Utility</Filter>
    </ClInclude>
    <ClInclude Include="Arithmetics.inl">
      <Filter>헤더 파일\Utility</Filter>
    </ClInclude>
    <ClInclude Include="Transformer.inl">
      <Filter>헤더 파일\Utility</Filter>
    </ClInclude>
    <ClInclude Include="AsyncPoolService.hpp">
      <Filter>헤더 파일\System</Filter>
    </ClInclude>
    <ClInclude Include="ConnectService.hpp">
      <Filter>헤더 파일\System</Filter>
    </ClInclude>
    <ClInclude Include="Framework.hpp">
      <Filter>헤더 파일\System</Filter>
    </ClInclude>
    <ClInclude Include="DatabaseService.hpp">
      <Filter>헤더 파일\Database</Filter>
    </ClInclude>
    <ClInclude Include="DatabaseQuery.hpp">
      <Filter>헤더 파일\Database</Filter>
    </ClInclude>
    <ClInclude Include="MySQL.hpp">
      <Filter>헤더 파일\Database</Filter>
    </ClInclude>
    <ClInclude Include="DatabaseJob.hpp">
      <Filter>헤더 파일\Database</Filter>
    </ClInclude>
    <ClInclude Include="BasicDatabaseJob.hpp">
      <Filter>헤더 파일\Database</Filter>
    </ClInclude>
    <ClInclude Include="BasicPacket.hpp">
      <Filter>헤더 파일</Filter>
    </ClInclude>
  </ItemGroup>
</Project>